{
  "requires": true,
  "lockfileVersion": 1,
  "dependencies": {
    "express-gateway-jwt-database-plugin": {
      "version": "file:../github/express-gateway-jwt-database-plugin",
      "requires": {
        "jsonwebtoken": "^8.5.1"
      }
    },
    "express-gateway-plugin-jwt": {
      "version": "file:../github/express-gateway-jwt-database-plugin",
      "requires": {
        "jsonwebtoken": "^8.5.1"
      }
    }
  }
}
